{
  "requires": true,
  "lockfileVersion": 1,
  "dependencies": {
    "p5": {
      "version": "1.0.0",
      "resolved": "https://registry.npmjs.org/p5/-/p5-1.0.0.tgz",
      "integrity": "sha512-SYYc6NSHA/mMoF00SdI39FmhifMWl0B74/Bg3T793v+KOAWgXsBfr7snv9cjHFqpcmjtJMuZSOoA55qAETCu1w=="
    },
    "sqlite": {
      "version": "4.0.7",
      "resolved": "https://registry.npmjs.org/sqlite/-/sqlite-4.0.7.tgz",
      "integrity": "sha512-1bBO+me3gXRfqwRR3K9aNDoSbTkQ87o6fSjj/BE2gSHHsK3qIDR+LoFZHgZ6kSPdFBoLTsy5/w/+8PBBaK+lvg=="
    }
  }
}
